// !$*UTF8*$!
{
	archiveVersion = 1;
	classes = {
	};
	objectVersion = 56;
	objects = {

/* Begin PBXBuildFile section */
		8AA3693729D636FE00B7A7B7 /* YassirMoviesApp.swift in Sources */ = {isa = PBXBuildFile; fileRef = 8AA3693629D636FE00B7A7B7 /* YassirMoviesApp.swift */; };
		8AA3693929D636FE00B7A7B7 /* MoviesListView.swift in Sources */ = {isa = PBXBuildFile; fileRef = 8AA3693829D636FE00B7A7B7 /* MoviesListView.swift */; };
		8AA3693B29D636FF00B7A7B7 /* Assets.xcassets in Resources */ = {isa = PBXBuildFile; fileRef = 8AA3693A29D636FF00B7A7B7 /* Assets.xcassets */; };
		8AA3693E29D636FF00B7A7B7 /* Preview Assets.xcassets in Resources */ = {isa = PBXBuildFile; fileRef = 8AA3693D29D636FF00B7A7B7 /* Preview Assets.xcassets */; };
		8AA3694529D713B800B7A7B7 /* MovieCell.swift in Sources */ = {isa = PBXBuildFile; fileRef = 8AA3694429D713B800B7A7B7 /* MovieCell.swift */; };
		8AA3694729D7337000B7A7B7 /* MovieDataModel.swift in Sources */ = {isa = PBXBuildFile; fileRef = 8AA3694629D7337000B7A7B7 /* MovieDataModel.swift */; };
		8AA3694929D7366000B7A7B7 /* MoviesMock.json in Resources */ = {isa = PBXBuildFile; fileRef = 8AA3694829D7366000B7A7B7 /* MoviesMock.json */; };
		8AA3694B29D736A100B7A7B7 /* JsonLoader.swift in Sources */ = {isa = PBXBuildFile; fileRef = 8AA3694A29D736A100B7A7B7 /* JsonLoader.swift */; };
		8AA3694E29D7389A00B7A7B7 /* MovieItem.swift in Sources */ = {isa = PBXBuildFile; fileRef = 8AA3694D29D7389A00B7A7B7 /* MovieItem.swift */; };
		8AA3695029D7C45700B7A7B7 /* MovieDetails.swift in Sources */ = {isa = PBXBuildFile; fileRef = 8AA3694F29D7C45700B7A7B7 /* MovieDetails.swift */; };
		8AA3695229D7CACD00B7A7B7 /* TrailorView.swift in Sources */ = {isa = PBXBuildFile; fileRef = 8AA3695129D7CACD00B7A7B7 /* TrailorView.swift */; };
		8AA3695629D7CE9000B7A7B7 /* SeeAllList.swift in Sources */ = {isa = PBXBuildFile; fileRef = 8AA3695529D7CE9000B7A7B7 /* SeeAllList.swift */; };
		8AA3695829D7D0CB00B7A7B7 /* SeeAllMovieCell.swift in Sources */ = {isa = PBXBuildFile; fileRef = 8AA3695729D7D0CB00B7A7B7 /* SeeAllMovieCell.swift */; };
/* End PBXBuildFile section */

/* Begin PBXFileReference section */
		8AA3693329D636FE00B7A7B7 /* YassirMovies.app */ = {isa = PBXFileReference; explicitFileType = wrapper.application; includeInIndex = 0; path = YassirMovies.app; sourceTree = BUILT_PRODUCTS_DIR; };
		8AA3693629D636FE00B7A7B7 /* YassirMoviesApp.swift */ = {isa = PBXFileReference; lastKnownFileType = sourcecode.swift; path = YassirMoviesApp.swift; sourceTree = "<group>"; };
		8AA3693829D636FE00B7A7B7 /* MoviesListView.swift */ = {isa = PBXFileReference; lastKnownFileType = sourcecode.swift; path = MoviesListView.swift; sourceTree = "<group>"; };
		8AA3693A29D636FF00B7A7B7 /* Assets.xcassets */ = {isa = PBXFileReference; lastKnownFileType = folder.assetcatalog; path = Assets.xcassets; sourceTree = "<group>"; };
		8AA3693D29D636FF00B7A7B7 /* Preview Assets.xcassets */ = {isa = PBXFileReference; lastKnownFileType = folder.assetcatalog; path = "Preview Assets.xcassets"; sourceTree = "<group>"; };
		8AA3694429D713B800B7A7B7 /* MovieCell.swift */ = {isa = PBXFileReference; lastKnownFileType = sourcecode.swift; path = MovieCell.swift; sourceTree = "<group>"; };
		8AA3694629D7337000B7A7B7 /* MovieDataModel.swift */ = {isa = PBXFileReference; lastKnownFileType = sourcecode.swift; path = MovieDataModel.swift; sourceTree = "<group>"; };
		8AA3694829D7366000B7A7B7 /* MoviesMock.json */ = {isa = PBXFileReference; lastKnownFileType = text.json; path = MoviesMock.json; sourceTree = "<group>"; xcLanguageSpecificationIdentifier = xcode.lang.json; };
		8AA3694A29D736A100B7A7B7 /* JsonLoader.swift */ = {isa = PBXFileReference; lastKnownFileType = sourcecode.swift; path = JsonLoader.swift; sourceTree = "<group>"; };
		8AA3694D29D7389A00B7A7B7 /* MovieItem.swift */ = {isa = PBXFileReference; lastKnownFileType = sourcecode.swift; path = MovieItem.swift; sourceTree = "<group>"; };
		8AA3694F29D7C45700B7A7B7 /* MovieDetails.swift */ = {isa = PBXFileReference; lastKnownFileType = sourcecode.swift; path = MovieDetails.swift; sourceTree = "<group>"; };
		8AA3695129D7CACD00B7A7B7 /* TrailorView.swift */ = {isa = PBXFileReference; lastKnownFileType = sourcecode.swift; path = TrailorView.swift; sourceTree = "<group>"; };
		8AA3695529D7CE9000B7A7B7 /* SeeAllList.swift */ = {isa = PBXFileReference; lastKnownFileType = sourcecode.swift; path = SeeAllList.swift; sourceTree = "<group>"; };
		8AA3695729D7D0CB00B7A7B7 /* SeeAllMovieCell.swift */ = {isa = PBXFileReference; lastKnownFileType = sourcecode.swift; path = SeeAllMovieCell.swift; sourceTree = "<group>"; };
/* End PBXFileReference section */

/* Begin PBXFrameworksBuildPhase section */
		8AA3693029D636FE00B7A7B7 /* Frameworks */ = {
			isa = PBXFrameworksBuildPhase;
			buildActionMask = 2147483647;
			files = (
			);
			runOnlyForDeploymentPostprocessing = 0;
		};
/* End PBXFrameworksBuildPhase section */

/* Begin PBXGroup section */
		8AA3692A29D636FE00B7A7B7 = {
			isa = PBXGroup;
			children = (
				8AA3693529D636FE00B7A7B7 /* YassirMovies */,
				8AA3693429D636FE00B7A7B7 /* Products */,
			);
			sourceTree = "<group>";
		};
		8AA3693429D636FE00B7A7B7 /* Products */ = {
			isa = PBXGroup;
			children = (
				8AA3693329D636FE00B7A7B7 /* YassirMovies.app */,
			);
			name = Products;
			sourceTree = "<group>";
		};
		8AA3693529D636FE00B7A7B7 /* YassirMovies */ = {
			isa = PBXGroup;
			children = (
				8AA3693629D636FE00B7A7B7 /* YassirMoviesApp.swift */,
				8AA3695329D7CE1D00B7A7B7 /* Home */,
				8AA3695429D7CE5500B7A7B7 /* Details */,
				8AA3694C29D736DC00B7A7B7 /* NetworkManager */,
				8AA3693A29D636FF00B7A7B7 /* Assets.xcassets */,
				8AA3693C29D636FF00B7A7B7 /* Preview Content */,
			);
			path = YassirMovies;
			sourceTree = "<group>";
		};
		8AA3693C29D636FF00B7A7B7 /* Preview Content */ = {
			isa = PBXGroup;
			children = (
				8AA3693D29D636FF00B7A7B7 /* Preview Assets.xcassets */,
			);
			path = "Preview Content";
			sourceTree = "<group>";
		};
		8AA3694C29D736DC00B7A7B7 /* NetworkManager */ = {
			isa = PBXGroup;
			children = (
				8AA3694829D7366000B7A7B7 /* MoviesMock.json */,
				8AA3694A29D736A100B7A7B7 /* JsonLoader.swift */,
				8AA3694629D7337000B7A7B7 /* MovieDataModel.swift */,
			);
			path = NetworkManager;
			sourceTree = "<group>";
		};
		8AA3695329D7CE1D00B7A7B7 /* Home */ = {
			isa = PBXGroup;
			children = (
				8AA3693829D636FE00B7A7B7 /* MoviesListView.swift */,
				8AA3694429D713B800B7A7B7 /* MovieCell.swift */,
				8AA3694D29D7389A00B7A7B7 /* MovieItem.swift */,
				8AA3695529D7CE9000B7A7B7 /* SeeAllList.swift */,
				8AA3695729D7D0CB00B7A7B7 /* SeeAllMovieCell.swift */,
			);
			path = Home;
			sourceTree = "<group>";
		};
		8AA3695429D7CE5500B7A7B7 /* Details */ = {
			isa = PBXGroup;
			children = (
				8AA3694F29D7C45700B7A7B7 /* MovieDetails.swift */,
				8AA3695129D7CACD00B7A7B7 /* TrailorView.swift */,
			);
			path = Details;
			sourceTree = "<group>";
		};
/* End PBXGroup section */

/* Begin PBXNativeTarget section */
		8AA3693229D636FE00B7A7B7 /* YassirMovies */ = {
			isa = PBXNativeTarget;
			buildConfigurationList = 8AA3694129D636FF00B7A7B7 /* Build configuration list for PBXNativeTarget "YassirMovies" */;
			buildPhases = (
				8AA3692F29D636FE00B7A7B7 /* Sources */,
				8AA3693029D636FE00B7A7B7 /* Frameworks */,
				8AA3693129D636FE00B7A7B7 /* Resources */,
			);
			buildRules = (
			);
			dependencies = (
			);
			name = YassirMovies;
			productName = YassirMovies;
			productReference = 8AA3693329D636FE00B7A7B7 /* YassirMovies.app */;
			productType = "com.apple.product-type.application";
		};
/* End PBXNativeTarget section */

/* Begin PBXProject section */
		8AA3692B29D636FE00B7A7B7 /* Project object */ = {
			isa = PBXProject;
			attributes = {
				BuildIndependentTargetsInParallel = 1;
				LastSwiftUpdateCheck = 1420;
				LastUpgradeCheck = 1420;
				TargetAttributes = {
					8AA3693229D636FE00B7A7B7 = {
						CreatedOnToolsVersion = 14.2;
					};
				};
			};
			buildConfigurationList = 8AA3692E29D636FE00B7A7B7 /* Build configuration list for PBXProject "YassirMovies" */;
			compatibilityVersion = "Xcode 14.0";
			developmentRegion = en;
			hasScannedForEncodings = 0;
			knownRegions = (
				en,
				Base,
			);
			mainGroup = 8AA3692A29D636FE00B7A7B7;
			productRefGroup = 8AA3693429D636FE00B7A7B7 /* Products */;
			projectDirPath = "";
			projectRoot = "";
			targets = (
				8AA3693229D636FE00B7A7B7 /* YassirMovies */,
			);
		};
/* End PBXProject section */

/* Begin PBXResourcesBuildPhase section */
		8AA3693129D636FE00B7A7B7 /* Resources */ = {
			isa = PBXResourcesBuildPhase;
			buildActionMask = 2147483647;
			files = (
				8AA3693E29D636FF00B7A7B7 /* Preview Assets.xcassets in Resources */,
				8AA3693B29D636FF00B7A7B7 /* Assets.xcassets in Resources */,
				8AA3694929D7366000B7A7B7 /* MoviesMock.json in Resources */,
			);
			runOnlyForDeploymentPostprocessing = 0;
		};
/* End PBXResourcesBuildPhase section */

/* Begin PBXSourcesBuildPhase section */
		8AA3692F29D636FE00B7A7B7 /* Sources */ = {
			isa = PBXSourcesBuildPhase;
			buildActionMask = 2147483647;
			files = (
				8AA3695829D7D0CB00B7A7B7 /* SeeAllMovieCell.swift in Sources */,
				8AA3693929D636FE00B7A7B7 /* MoviesListView.swift in Sources */,
				8AA3695029D7C45700B7A7B7 /* MovieDetails.swift in Sources */,
				8AA3693729D636FE00B7A7B7 /* YassirMoviesApp.swift in Sources */,
				8AA3694729D7337000B7A7B7 /* MovieDataModel.swift in Sources */,
				8AA3695229D7CACD00B7A7B7 /* TrailorView.swift in Sources */,
				8AA3695629D7CE9000B7A7B7 /* SeeAllList.swift in Sources */,
				8AA3694E29D7389A00B7A7B7 /* MovieItem.swift in Sources */,
				8AA3694529D713B800B7A7B7 /* MovieCell.swift in Sources */,
				8AA3694B29D736A100B7A7B7 /* JsonLoader.swift in Sources */,
			);
			runOnlyForDeploymentPostprocessing = 0;
		};
/* End PBXSourcesBuildPhase section */

/* Begin XCBuildConfiguration section */
		8AA3693F29D636FF00B7A7B7 /* Debug */ = {
			isa = XCBuildConfiguration;
			buildSettings = {
				ALWAYS_SEARCH_USER_PATHS = NO;
				CLANG_ANALYZER_NONNULL = YES;
				CLANG_ANALYZER_NUMBER_OBJECT_CONVERSION = YES_AGGRESSIVE;
				CLANG_CXX_LANGUAGE_STANDARD = "gnu++20";
				CLANG_ENABLE_MODULES = YES;
				CLANG_ENABLE_OBJC_ARC = YES;
				CLANG_ENABLE_OBJC_WEAK = YES;
				CLANG_WARN_BLOCK_CAPTURE_AUTORELEASING = YES;
				CLANG_WARN_BOOL_CONVERSION = YES;
				CLANG_WARN_COMMA = YES;
				CLANG_WARN_CONSTANT_CONVERSION = YES;
				CLANG_WARN_DEPRECATED_OBJC_IMPLEMENTATIONS = YES;
				CLANG_WARN_DIRECT_OBJC_ISA_USAGE = YES_ERROR;
				CLANG_WARN_DOCUMENTATION_COMMENTS = YES;
				CLANG_WARN_EMPTY_BODY = YES;
				CLANG_WARN_ENUM_CONVERSION = YES;
				CLANG_WARN_INFINITE_RECURSION = YES;
				CLANG_WARN_INT_CONVERSION = YES;
				CLANG_WARN_NON_LITERAL_NULL_CONVERSION = YES;
				CLANG_WARN_OBJC_IMPLICIT_RETAIN_SELF = YES;
				CLANG_WARN_OBJC_LITERAL_CONVERSION = YES;
				CLANG_WARN_OBJC_ROOT_CLASS = YES_ERROR;
				CLANG_WARN_QUOTED_INCLUDE_IN_FRAMEWORK_HEADER = YES;
				CLANG_WARN_RANGE_LOOP_ANALYSIS = YES;
				CLANG_WARN_STRICT_PROTOTYPES = YES;
				CLANG_WARN_SUSPICIOUS_MOVE = YES;
				CLANG_WARN_UNGUARDED_AVAILABILITY = YES_AGGRESSIVE;
				CLANG_WARN_UNREACHABLE_CODE = YES;
				CLANG_WARN__DUPLICATE_METHOD_MATCH = YES;
				COPY_PHASE_STRIP = NO;
				DEBUG_INFORMATION_FORMAT = dwarf;
				ENABLE_STRICT_OBJC_MSGSEND = YES;
				ENABLE_TESTABILITY = YES;
				GCC_C_LANGUAGE_STANDARD = gnu11;
				GCC_DYNAMIC_NO_PIC = NO;
				GCC_NO_COMMON_BLOCKS = YES;
				GCC_OPTIMIZATION_LEVEL = 0;
				GCC_PREPROCESSOR_DEFINITIONS = (
					"DEBUG=1",
					"$(inherited)",
				);
				GCC_WARN_64_TO_32_BIT_CONVERSION = YES;
				GCC_WARN_ABOUT_RETURN_TYPE = YES_ERROR;
				GCC_WARN_UNDECLARED_SELECTOR = YES;
				GCC_WARN_UNINITIALIZED_AUTOS = YES_AGGRESSIVE;
				GCC_WARN_UNUSED_FUNCTION = YES;
				GCC_WARN_UNUSED_VARIABLE = YES;
				IPHONEOS_DEPLOYMENT_TARGET = 16.2;
				MTL_ENABLE_DEBUG_INFO = INCLUDE_SOURCE;
				MTL_FAST_MATH = YES;
				ONLY_ACTIVE_ARCH = YES;
				SDKROOT = iphoneos;
				SWIFT_ACTIVE_COMPILATION_CONDITIONS = DEBUG;
				SWIFT_OPTIMIZATION_LEVEL = "-Onone";
			};
			name = Debug;
		};
		8AA3694029D636FF00B7A7B7 /* Release */ = {
			isa = XCBuildConfiguration;
			buildSettings = {
				ALWAYS_SEARCH_USER_PATHS = NO;
				CLANG_ANALYZER_NONNULL = YES;
				CLANG_ANALYZER_NUMBER_OBJECT_CONVERSION = YES_AGGRESSIVE;
				CLANG_CXX_LANGUAGE_STANDARD = "gnu++20";
				CLANG_ENABLE_MODULES = YES;
				CLANG_ENABLE_OBJC_ARC = YES;
				CLANG_ENABLE_OBJC_WEAK = YES;
				CLANG_WARN_BLOCK_CAPTURE_AUTORELEASING = YES;
				CLANG_WARN_BOOL_CONVERSION = YES;
				CLANG_WARN_COMMA = YES;
				CLANG_WARN_CONSTANT_CONVERSION = YES;
				CLANG_WARN_DEPRECATED_OBJC_IMPLEMENTATIONS = YES;
				CLANG_WARN_DIRECT_OBJC_ISA_USAGE = YES_ERROR;
				CLANG_WARN_DOCUMENTATION_COMMENTS = YES;
				CLANG_WARN_EMPTY_BODY = YES;
				CLANG_WARN_ENUM_CONVERSION = YES;
				CLANG_WARN_INFINITE_RECURSION = YES;
				CLANG_WARN_INT_CONVERSION = YES;
				CLANG_WARN_NON_LITERAL_NULL_CONVERSION = YES;
				CLANG_WARN_OBJC_IMPLICIT_RETAIN_SELF = YES;
				CLANG_WARN_OBJC_LITERAL_CONVERSION = YES;
				CLANG_WARN_OBJC_ROOT_CLASS = YES_ERROR;
				CLANG_WARN_QUOTED_INCLUDE_IN_FRAMEWORK_HEADER = YES;
				CLANG_WARN_RANGE_LOOP_ANALYSIS = YES;
				CLANG_WARN_STRICT_PROTOTYPES = YES;
				CLANG_WARN_SUSPICIOUS_MOVE = YES;
				CLANG_WARN_UNGUARDED_AVAILABILITY = YES_AGGRESSIVE;
				CLANG_WARN_UNREACHABLE_CODE = YES;
				CLANG_WARN__DUPLICATE_METHOD_MATCH = YES;
				COPY_PHASE_STRIP = NO;
				DEBUG_INFORMATION_FORMAT = "dwarf-with-dsym";
				ENABLE_NS_ASSERTIONS = NO;
				ENABLE_STRICT_OBJC_MSGSEND = YES;
				GCC_C_LANGUAGE_STANDARD = gnu11;
				GCC_NO_COMMON_BLOCKS = YES;
				GCC_WARN_64_TO_32_BIT_CONVERSION = YES;
				GCC_WARN_ABOUT_RETURN_TYPE = YES_ERROR;
				GCC_WARN_UNDECLARED_SELECTOR = YES;
				GCC_WARN_UNINITIALIZED_AUTOS = YES_AGGRESSIVE;
				GCC_WARN_UNUSED_FUNCTION = YES;
				GCC_WARN_UNUSED_VARIABLE = YES;
				IPHONEOS_DEPLOYMENT_TARGET = 16.2;
				MTL_ENABLE_DEBUG_INFO = NO;
				MTL_FAST_MATH = YES;
				SDKROOT = iphoneos;
				SWIFT_COMPILATION_MODE = wholemodule;
				SWIFT_OPTIMIZATION_LEVEL = "-O";
				VALIDATE_PRODUCT = YES;
			};
			name = Release;
		};
		8AA3694229D636FF00B7A7B7 /* Debug */ = {
			isa = XCBuildConfiguration;
			buildSettings = {
				ASSETCATALOG_COMPILER_APPICON_NAME = AppIcon;
				ASSETCATALOG_COMPILER_GLOBAL_ACCENT_COLOR_NAME = AccentColor;
				CODE_SIGN_STYLE = Automatic;
				CURRENT_PROJECT_VERSION = 1;
				DEVELOPMENT_ASSET_PATHS = "\"YassirMovies/Preview Content\"";
				DEVELOPMENT_TEAM = XHKRMS9TZN;
				ENABLE_PREVIEWS = YES;
				GENERATE_INFOPLIST_FILE = YES;
				INFOPLIST_KEY_UIApplicationSceneManifest_Generation = YES;
				INFOPLIST_KEY_UIApplicationSupportsIndirectInputEvents = YES;
				INFOPLIST_KEY_UILaunchScreen_Generation = YES;
				INFOPLIST_KEY_UISupportedInterfaceOrientations_iPad = "UIInterfaceOrientationPortrait UIInterfaceOrientationPortraitUpsideDown UIInterfaceOrientationLandscapeLeft UIInterfaceOrientationLandscapeRight";
				INFOPLIST_KEY_UISupportedInterfaceOrientations_iPhone = "UIInterfaceOrientationPortrait UIInterfaceOrientationLandscapeLeft UIInterfaceOrientationLandscapeRight";
				LD_RUNPATH_SEARCH_PATHS = (
					"$(inherited)",
					"@executable_path/Frameworks",
				);
				MARKETING_VERSION = 1.0;
				PRODUCT_BUNDLE_IDENTIFIER = co.adam.YassirMovies;
				PRODUCT_NAME = "$(TARGET_NAME)";
				SWIFT_EMIT_LOC_STRINGS = YES;
				SWIFT_VERSION = 5.0;
				TARGETED_DEVICE_FAMILY = "1,2";
			};
			name = Debug;
		};
		8AA3694329D636FF00B7A7B7 /* Release */ = {
			isa = XCBuildConfiguration;
			buildSettings = {
				ASSETCATALOG_COMPILER_APPICON_NAME = AppIcon;
				ASSETCATALOG_COMPILER_GLOBAL_ACCENT_COLOR_NAME = AccentColor;
				CODE_SIGN_STYLE = Automatic;
				CURRENT_PROJECT_VERSION = 1;
				DEVELOPMENT_ASSET_PATHS = "\"YassirMovies/Preview Content\"";
				DEVELOPMENT_TEAM = XHKRMS9TZN;
				ENABLE_PREVIEWS = YES;
				GENERATE_INFOPLIST_FILE = YES;
				INFOPLIST_KEY_UIApplicationSceneManifest_Generation = YES;
				INFOPLIST_KEY_UIApplicationSupportsIndirectInputEvents = YES;
				INFOPLIST_KEY_UILaunchScreen_Generation = YES;
				INFOPLIST_KEY_UISupportedInterfaceOrientations_iPad = "UIInterfaceOrientationPortrait UIInterfaceOrientationPortraitUpsideDown UIInterfaceOrientationLandscapeLeft UIInterfaceOrientationLandscapeRight";
				INFOPLIST_KEY_UISupportedInterfaceOrientations_iPhone = "UIInterfaceOrientationPortrait UIInterfaceOrientationLandscapeLeft UIInterfaceOrientationLandscapeRight";
				LD_RUNPATH_SEARCH_PATHS = (
					"$(inherited)",
					"@executable_path/Frameworks",
				);
				MARKETING_VERSION = 1.0;
				PRODUCT_BUNDLE_IDENTIFIER = co.adam.YassirMovies;
				PRODUCT_NAME = "$(TARGET_NAME)";
				SWIFT_EMIT_LOC_STRINGS = YES;
				SWIFT_VERSION = 5.0;
				TARGETED_DEVICE_FAMILY = "1,2";
			};
			name = Release;
		};
/* End XCBuildConfiguration section */

/* Begin XCConfigurationList section */
		8AA3692E29D636FE00B7A7B7 /* Build configuration list for PBXProject "YassirMovies" */ = {
			isa = XCConfigurationList;
			buildConfigurations = (
				8AA3693F29D636FF00B7A7B7 /* Debug */,
				8AA3694029D636FF00B7A7B7 /* Release */,
			);
			defaultConfigurationIsVisible = 0;
			defaultConfigurationName = Release;
		};
		8AA3694129D636FF00B7A7B7 /* Build configuration list for PBXNativeTarget "YassirMovies" */ = {
			isa = XCConfigurationList;
			buildConfigurations = (
				8AA3694229D636FF00B7A7B7 /* Debug */,
				8AA3694329D636FF00B7A7B7 /* Release */,
			);
			defaultConfigurationIsVisible = 0;
			defaultConfigurationName = Release;
		};
/* End XCConfigurationList section */
	};
	rootObject = 8AA3692B29D636FE00B7A7B7 /* Project object */;
}
